
Microsoft Visual Studio Solution File, Format Version 12.00
Project("{D954291E-2A0B-460D-934E-DC6B0785DB48}") = "PayPocket.Shared", "PayPocket.Shared\PayPocket.Shared.shproj", "{B1EA90B4-159D-4AAA-B905-BDDEE64D54F8}"
EndProject
Project("{FAE04EC0-301F-11D3-BF4B-00C04F79EFBC}") = "PayPocket.API", "PayPocket.API\PayPocket.API.csproj", "{52BC1D17-11B7-4FFF-93F6-B8097B730B49}"
	ProjectSection(ProjectDependencies) = postProject
		{B1EA90B4-159D-4AAA-B905-BDDEE64D54F8} = {B1EA90B4-159D-4AAA-B905-BDDEE64D54F8}
	EndProjectSection
EndProject
Global
	GlobalSection(SolutionConfigurationPlatforms) = preSolution
		shared|Any CPU = shared|Any CPU
	EndGlobalSection
	GlobalSection(ProjectConfigurationPlatforms) = postSolution
		{52BC1D17-11B7-4FFF-93F6-B8097B730B49}.shared|Any CPU.ActiveCfg = shared|Any CPU
		{52BC1D17-11B7-4FFF-93F6-B8097B730B49}.shared|Any CPU.Build.0 = shared|Any CPU
		{B1EA90B4-159D-4AAA-B905-BDDEE64D54F8}.shared|Any CPU.ActiveCfg = shared|Any CPU
		{B1EA90B4-159D-4AAA-B905-BDDEE64D54F8}.shared|Any CPU.Build.0 = shared|Any CPU
	EndGlobalSection
EndGlobal
